{
  "meteor": {},
  "dependencies": {
    "basePackages": {
      "collectionFS": {}
    },
    "packages": {
      "collectionFS": {
        "git": "https://github.com/raix/Meteor-CollectionFS.git",
        "tag": "v0.2.3",
        "commit": "4a1b9298a7ce64269fd14be29d9c4797b9253103"
      }
    }
  }
}
